# Generated by `mmrag corpus lock` -- do not edit by hand.
# Pins the exact bytes of every corpus document so that every clone of
# this repository indexes identical inputs. Edit configs/corpus.yaml
# instead, then re-run the lock command.
entries:
  alphafold_nature_2021:
    n_pages: 12
    sha256: 6eae057a9faf4f671c3101e0745ed704460c6d3dec77243dfd3a9f2d2ab68970
    size_bytes: 3651992
  arxiv_attention:
    n_pages: 15
    sha256: bdfaa68d8984f0dc02beaca527b76f207d99b666d31d1da728ee0728182df697
    size_bytes: 2215244
  arxiv_colpali:
    n_pages: 26
    sha256: 852ec724f3d48316265611579f4c556a14fea24f29360b5929d02e4604662631
    size_bytes: 8260302
  arxiv_rag:
    n_pages: 19
    sha256: 23e3249e9a1e75418d82efecab0ea8c4d033b89c93742f63208d47ce01f21233
    size_bytes: 885323
  arxiv_tapas:
    n_pages: 17
    sha256: a54cb8dc8c903f964457a346c761a3ebcdce69a427a3f5f269454d74783d6e3d
    size_bytes: 689430
  berkshire_ar_2023:
    n_pages: 152
    sha256: 2132b85f9c472a6f0b141551adb08d93f88db28e6a3794e7e2b13ca3f8a57b5b
    size_bytes: 3003110
  ecb_annual_report_2023:
    n_pages: 195
    sha256: 8d241acc31e76042d46640355c7539c0bacacf75effca4b51292fcd7b1bd65dd
    size_bytes: 3264682
  eia_aeo_2023:
    n_pages: 50
    sha256: 571c10176dad2f2a4fe0a3d36bb9870980fd77e289b5b1fdb2a1d0df35866855
    size_bytes: 3824628
  fed_mpr_2024_07:
    n_pages: 79
    sha256: 6cfad88dd4ee058a01db2012bf009c18da45e5306301edf3ff5d3b486644d09d
    size_bytes: 1795174
  ipcc_ar6_wg1_spm:
    n_pages: 32
    sha256: 37c9fa760757524c8d69630a89cecab9ebcacb66786970a3439da0619875e446
    size_bytes: 3361797
  nasa_seh:
    n_pages: 297
    sha256: 8eeb4887a4dc57a23049da7dd2ed556833cf98e214b240468d987873164ff688
    size_bytes: 3773440
  nvidia_ampere_wp:
    n_pages: 82
    sha256: 3a800ad7668ec37037fa5870a8e3bb681b75f19668b3d11492ab9b0da0d58815
    size_bytes: 7979890
  rp2040_datasheet:
    n_pages: 642
    sha256: be56fbb75ba0ae9e26558a73c93ac3e75c2ad4e6878d3b6703de2a76d886ea8c
    size_bytes: 5301205
  who_covid_sitrep_001:
    n_pages: 5
    sha256: 6d098cf680fe791f1e66cf39a199aebc2dcab700a54535563e0c57b3162ea456
    size_bytes: 764470
generated_at: '2026-09-06T09:19:21+00:00'
version: 1
